
Microsoft Visual Studio Solution File, Format Version 12.00
# Visual Studio Version 17
VisualStudioVersion = 17.6.33815.320
MinimumVisualStudioVersion = 10.0.40219.1
Project("{FAE04EC0-301F-11D3-BF4B-00C04F79EFBC}") = "WpfApp3", "WpfApp3\WpfApp3.csproj", "{7BB6D838-8AA1-40F2-BA69-86DD5978E82B}"
EndProject
Project("{FAE04EC0-301F-11D3-BF4B-00C04F79EFBC}") = "lib_11", "lib_11\lib_11.csproj", "{0F1217C2-0368-45E1-BBE8-42143CC6466F}"
EndProject
Project("{FAE04EC0-301F-11D3-BF4B-00C04F79EFBC}") = "libmas", "libmas\libmas.csproj", "{11950448-3E7C-44B5-9B03-A577BE494CC5}"
EndProject
Global
	GlobalSection(SolutionConfigurationPlatforms) = preSolution
		Debug|Any CPU = Debug|Any CPU
		Release|Any CPU = Release|Any CPU
	EndGlobalSection
	GlobalSection(ProjectConfigurationPlatforms) = postSolution
		{7BB6D838-8AA1-40F2-BA69-86DD5978E82B}.Debug|Any CPU.ActiveCfg = Debug|Any CPU
		{7BB6D838-8AA1-40F2-BA69-86DD5978E82B}.Debug|Any CPU.Build.0 = Debug|Any CPU
		{7BB6D838-8AA1-40F2-BA69-86DD5978E82B}.Release|Any CPU.ActiveCfg = Release|Any CPU
		{7BB6D838-8AA1-40F2-BA69-86DD5978E82B}.Release|Any CPU.Build.0 = Release|Any CPU
		{0F1217C2-0368-45E1-BBE8-42143CC6466F}.Debug|Any CPU.ActiveCfg = Debug|Any CPU
		{0F1217C2-0368-45E1-BBE8-42143CC6466F}.Debug|Any CPU.Build.0 = Debug|Any CPU
		{0F1217C2-0368-45E1-BBE8-42143CC6466F}.Release|Any CPU.ActiveCfg = Release|Any CPU
		{0F1217C2-0368-45E1-BBE8-42143CC6466F}.Release|Any CPU.Build.0 = Release|Any CPU
		{11950448-3E7C-44B5-9B03-A577BE494CC5}.Debug|Any CPU.ActiveCfg = Debug|Any CPU
		{11950448-3E7C-44B5-9B03-A577BE494CC5}.Debug|Any CPU.Build.0 = Debug|Any CPU
		{11950448-3E7C-44B5-9B03-A577BE494CC5}.Release|Any CPU.ActiveCfg = Release|Any CPU
		{11950448-3E7C-44B5-9B03-A577BE494CC5}.Release|Any CPU.Build.0 = Release|Any CPU
	EndGlobalSection
	GlobalSection(SolutionProperties) = preSolution
		HideSolutionNode = FALSE
	EndGlobalSection
	GlobalSection(ExtensibilityGlobals) = postSolution
		SolutionGuid = {DD671203-7046-4860-B9CC-656C8491A409}
	EndGlobalSection
EndGlobal
