
Microsoft Visual Studio Solution File, Format Version 12.00
# Visual Studio Version 17
VisualStudioVersion = 17.6.33815.320
MinimumVisualStudioVersion = 10.0.40219.1
Project("{FAE04EC0-301F-11D3-BF4B-00C04F79EFBC}") = "WpfApp1", "WpfApp1\WpfApp1.csproj", "{EE4DD325-4278-446A-99A2-CA5581FCBD81}"
EndProject
Global
	GlobalSection(SolutionConfigurationPlatforms) = preSolution
		Debug|Any CPU = Debug|Any CPU
		Release|Any CPU = Release|Any CPU
	EndGlobalSection
	GlobalSection(ProjectConfigurationPlatforms) = postSolution
		{EE4DD325-4278-446A-99A2-CA5581FCBD81}.Debug|Any CPU.ActiveCfg = Debug|Any CPU
		{EE4DD325-4278-446A-99A2-CA5581FCBD81}.Debug|Any CPU.Build.0 = Debug|Any CPU
		{EE4DD325-4278-446A-99A2-CA5581FCBD81}.Release|Any CPU.ActiveCfg = Release|Any CPU
		{EE4DD325-4278-446A-99A2-CA5581FCBD81}.Release|Any CPU.Build.0 = Release|Any CPU
	EndGlobalSection
	GlobalSection(SolutionProperties) = preSolution
		HideSolutionNode = FALSE
	EndGlobalSection
	GlobalSection(ExtensibilityGlobals) = postSolution
		SolutionGuid = {2B8DDD64-962D-4DA2-9F66-10FDEECFECAA}
	EndGlobalSection
EndGlobal
